// !$*UTF8*$!
{
	archiveVersion = 1;
	classes = {
	};
	objectVersion = 50;
	objects = {

/* Begin PBXBuildFile section */
		02AEE1AC25003CA000984C06 /* AppDelegate.swift in Sources */ = {isa = PBXBuildFile; fileRef = 02AEE1AB25003CA000984C06 /* AppDelegate.swift */; };
		02AEE1AE25003CA000984C06 /* SceneDelegate.swift in Sources */ = {isa = PBXBuildFile; fileRef = 02AEE1AD25003CA000984C06 /* SceneDelegate.swift */; };
		02AEE1B025003CA000984C06 /* ContentView.swift in Sources */ = {isa = PBXBuildFile; fileRef = 02AEE1AF25003CA000984C06 /* ContentView.swift */; };
		02AEE1B225003CA500984C06 /* Assets.xcassets in Resources */ = {isa = PBXBuildFile; fileRef = 02AEE1B125003CA500984C06 /* Assets.xcassets */; };
		02AEE1B525003CA500984C06 /* Preview Assets.xcassets in Resources */ = {isa = PBXBuildFile; fileRef = 02AEE1B425003CA500984C06 /* Preview Assets.xcassets */; };
		02AEE1B825003CA500984C06 /* LaunchScreen.storyboard in Resources */ = {isa = PBXBuildFile; fileRef = 02AEE1B625003CA500984C06 /* LaunchScreen.storyboard */; };
		02AEE1C325003CA500984C06 /* CovidLensTests.swift in Sources */ = {isa = PBXBuildFile; fileRef = 02AEE1C225003CA500984C06 /* CovidLensTests.swift */; };
/* End PBXBuildFile section */

/* Begin PBXContainerItemProxy section */
		02AEE1BF25003CA500984C06 /* PBXContainerItemProxy */ = {
			isa = PBXContainerItemProxy;
			containerPortal = 02AEE1A025003CA000984C06 /* Project object */;
			proxyType = 1;
			remoteGlobalIDString = 02AEE1A725003CA000984C06;
			remoteInfo = CovidLens;
		};
/* End PBXContainerItemProxy section */

/* Begin PBXFileReference section */
		02AEE1A825003CA000984C06 /* CovidLens.app */ = {isa = PBXFileReference; explicitFileType = wrapper.application; includeInIndex = 0; path = CovidLens.app; sourceTree = BUILT_PRODUCTS_DIR; };
		02AEE1AB25003CA000984C06 /* AppDelegate.swift */ = {isa = PBXFileReference; lastKnownFileType = sourcecode.swift; path = AppDelegate.swift; sourceTree = "<group>"; };
		02AEE1AD25003CA000984C06 /* SceneDelegate.swift */ = {isa = PBXFileReference; lastKnownFileType = sourcecode.swift; path = SceneDelegate.swift; sourceTree = "<group>"; };
		02AEE1AF25003CA000984C06 /* ContentView.swift */ = {isa = PBXFileReference; lastKnownFileType = sourcecode.swift; path = ContentView.swift; sourceTree = "<group>"; };
		02AEE1B125003CA500984C06 /* Assets.xcassets */ = {isa = PBXFileReference; lastKnownFileType = folder.assetcatalog; path = Assets.xcassets; sourceTree = "<group>"; };
		02AEE1B425003CA500984C06 /* Preview Assets.xcassets */ = {isa = PBXFileReference; lastKnownFileType = folder.assetcatalog; path = "Preview Assets.xcassets"; sourceTree = "<group>"; };
		02AEE1B725003CA500984C06 /* Base */ = {isa = PBXFileReference; lastKnownFileType = file.storyboard; name = Base; path = Base.lproj/LaunchScreen.storyboard; sourceTree = "<group>"; };
		02AEE1B925003CA500984C06 /* Info.plist */ = {isa = PBXFileReference; lastKnownFileType = text.plist.xml; path = Info.plist; sourceTree = "<group>"; };
		02AEE1BE25003CA500984C06 /* CovidLensTests.xctest */ = {isa = PBXFileReference; explicitFileType = wrapper.cfbundle; includeInIndex = 0; path = CovidLensTests.xctest; sourceTree = BUILT_PRODUCTS_DIR; };
		02AEE1C225003CA500984C06 /* CovidLensTests.swift */ = {isa = PBXFileReference; lastKnownFileType = sourcecode.swift; path = CovidLensTests.swift; sourceTree = "<group>"; };
		02AEE1C425003CA500984C06 /* Info.plist */ = {isa = PBXFileReference; lastKnownFileType = text.plist.xml; path = Info.plist; sourceTree = "<group>"; };
/* End PBXFileReference section */

/* Begin PBXFrameworksBuildPhase section */
		02AEE1A525003CA000984C06 /* Frameworks */ = {
			isa = PBXFrameworksBuildPhase;
			buildActionMask = 2147483647;
			files = (
			);
			runOnlyForDeploymentPostprocessing = 0;
		};
		02AEE1BB25003CA500984C06 /* Frameworks */ = {
			isa = PBXFrameworksBuildPhase;
			buildActionMask = 2147483647;
			files = (
			);
			runOnlyForDeploymentPostprocessing = 0;
		};
/* End PBXFrameworksBuildPhase section */

/* Begin PBXGroup section */
		02AEE19F25003CA000984C06 = {
			isa = PBXGroup;
			children = (
				02AEE1AA25003CA000984C06 /* CovidLens */,
				02AEE1C125003CA500984C06 /* CovidLensTests */,
				02AEE1A925003CA000984C06 /* Products */,
			);
			sourceTree = "<group>";
		};
		02AEE1A925003CA000984C06 /* Products */ = {
			isa = PBXGroup;
			children = (
				02AEE1A825003CA000984C06 /* CovidLens.app */,
				02AEE1BE25003CA500984C06 /* CovidLensTests.xctest */,
			);
			name = Products;
			sourceTree = "<group>";
		};
		02AEE1AA25003CA000984C06 /* CovidLens */ = {
			isa = PBXGroup;
			children = (
				02AEE1AB25003CA000984C06 /* AppDelegate.swift */,
				02AEE1AD25003CA000984C06 /* SceneDelegate.swift */,
				02AEE1AF25003CA000984C06 /* ContentView.swift */,
				02AEE1B125003CA500984C06 /* Assets.xcassets */,
				02AEE1B625003CA500984C06 /* LaunchScreen.storyboard */,
				02AEE1B925003CA500984C06 /* Info.plist */,
				02AEE1B325003CA500984C06 /* Preview Content */,
			);
			path = CovidLens;
			sourceTree = "<group>";
		};
		02AEE1B325003CA500984C06 /* Preview Content */ = {
			isa = PBXGroup;
			children = (
				02AEE1B425003CA500984C06 /* Preview Assets.xcassets */,
			);
			path = "Preview Content";
			sourceTree = "<group>";
		};
		02AEE1C125003CA500984C06 /* CovidLensTests */ = {
			isa = PBXGroup;
			children = (
				02AEE1C225003CA500984C06 /* CovidLensTests.swift */,
				02AEE1C425003CA500984C06 /* Info.plist */,
			);
			path = CovidLensTests;
			sourceTree = "<group>";
		};
/* End PBXGroup section */

/* Begin PBXNativeTarget section */
		02AEE1A725003CA000984C06 /* CovidLens */ = {
			isa = PBXNativeTarget;
			buildConfigurationList = 02AEE1C725003CA500984C06 /* Build configuration list for PBXNativeTarget "CovidLens" */;
			buildPhases = (
				02AEE1A425003CA000984C06 /* Sources */,
				02AEE1A525003CA000984C06 /* Frameworks */,
				02AEE1A625003CA000984C06 /* Resources */,
			);
			buildRules = (
			);
			dependencies = (
			);
			name = CovidLens;
			productName = CovidLens;
			productReference = 02AEE1A825003CA000984C06 /* CovidLens.app */;
			productType = "com.apple.product-type.application";
		};
		02AEE1BD25003CA500984C06 /* CovidLensTests */ = {
			isa = PBXNativeTarget;
			buildConfigurationList = 02AEE1CA25003CA500984C06 /* Build configuration list for PBXNativeTarget "CovidLensTests" */;
			buildPhases = (
				02AEE1BA25003CA500984C06 /* Sources */,
				02AEE1BB25003CA500984C06 /* Frameworks */,
				02AEE1BC25003CA500984C06 /* Resources */,
			);
			buildRules = (
			);
			dependencies = (
				02AEE1C025003CA500984C06 /* PBXTargetDependency */,
			);
			name = CovidLensTests;
			productName = CovidLensTests;
			productReference = 02AEE1BE25003CA500984C06 /* CovidLensTests.xctest */;
			productType = "com.apple.product-type.bundle.unit-test";
		};
/* End PBXNativeTarget section */

/* Begin PBXProject section */
		02AEE1A025003CA000984C06 /* Project object */ = {
			isa = PBXProject;
			attributes = {
				LastSwiftUpdateCheck = 1160;
				LastUpgradeCheck = 1160;
				ORGANIZATIONNAME = COVIDLens;
				TargetAttributes = {
					02AEE1A725003CA000984C06 = {
						CreatedOnToolsVersion = 11.6;
					};
					02AEE1BD25003CA500984C06 = {
						CreatedOnToolsVersion = 11.6;
						TestTargetID = 02AEE1A725003CA000984C06;
					};
				};
			};
			buildConfigurationList = 02AEE1A325003CA000984C06 /* Build configuration list for PBXProject "CovidLens" */;
			compatibilityVersion = "Xcode 9.3";
			developmentRegion = en;
			hasScannedForEncodings = 0;
			knownRegions = (
				en,
				Base,
			);
			mainGroup = 02AEE19F25003CA000984C06;
			productRefGroup = 02AEE1A925003CA000984C06 /* Products */;
			projectDirPath = "";
			projectRoot = "";
			targets = (
				02AEE1A725003CA000984C06 /* CovidLens */,
				02AEE1BD25003CA500984C06 /* CovidLensTests */,
			);
		};
/* End PBXProject section */

/* Begin PBXResourcesBuildPhase section */
		02AEE1A625003CA000984C06 /* Resources */ = {
			isa = PBXResourcesBuildPhase;
			buildActionMask = 2147483647;
			files = (
				02AEE1B825003CA500984C06 /* LaunchScreen.storyboard in Resources */,
				02AEE1B525003CA500984C06 /* Preview Assets.xcassets in Resources */,
				02AEE1B225003CA500984C06 /* Assets.xcassets in Resources */,
			);
			runOnlyForDeploymentPostprocessing = 0;
		};
		02AEE1BC25003CA500984C06 /* Resources */ = {
			isa = PBXResourcesBuildPhase;
			buildActionMask = 2147483647;
			files = (
			);
			runOnlyForDeploymentPostprocessing = 0;
		};
/* End PBXResourcesBuildPhase section */

/* Begin PBXSourcesBuildPhase section */
		02AEE1A425003CA000984C06 /* Sources */ = {
			isa = PBXSourcesBuildPhase;
			buildActionMask = 2147483647;
			files = (
				02AEE1AC25003CA000984C06 /* AppDelegate.swift in Sources */,
				02AEE1AE25003CA000984C06 /* SceneDelegate.swift in Sources */,
				02AEE1B025003CA000984C06 /* ContentView.swift in Sources */,
			);
			runOnlyForDeploymentPostprocessing = 0;
		};
		02AEE1BA25003CA500984C06 /* Sources */ = {
			isa = PBXSourcesBuildPhase;
			buildActionMask = 2147483647;
			files = (
				02AEE1C325003CA500984C06 /* CovidLensTests.swift in Sources */,
			);
			runOnlyForDeploymentPostprocessing = 0;
		};
/* End PBXSourcesBuildPhase section */

/* Begin PBXTargetDependency section */
		02AEE1C025003CA500984C06 /* PBXTargetDependency */ = {
			isa = PBXTargetDependency;
			target = 02AEE1A725003CA000984C06 /* CovidLens */;
			targetProxy = 02AEE1BF25003CA500984C06 /* PBXContainerItemProxy */;
		};
/* End PBXTargetDependency section */

/* Begin PBXVariantGroup section */
		02AEE1B625003CA500984C06 /* LaunchScreen.storyboard */ = {
			isa = PBXVariantGroup;
			children = (
				02AEE1B725003CA500984C06 /* Base */,
			);
			name = LaunchScreen.storyboard;
			sourceTree = "<group>";
		};
/* End PBXVariantGroup section */

/* Begin XCBuildConfiguration section */
		02AEE1C525003CA500984C06 /* Debug */ = {
			isa = XCBuildConfiguration;
			buildSettings = {
				ALWAYS_SEARCH_USER_PATHS = NO;
				CLANG_ANALYZER_NONNULL = YES;
				CLANG_ANALYZER_NUMBER_OBJECT_CONVERSION = YES_AGGRESSIVE;
				CLANG_CXX_LANGUAGE_STANDARD = "gnu++14";
				CLANG_CXX_LIBRARY = "libc++";
				CLANG_ENABLE_MODULES = YES;
				CLANG_ENABLE_OBJC_ARC = YES;
				CLANG_ENABLE_OBJC_WEAK = YES;
				CLANG_WARN_BLOCK_CAPTURE_AUTORELEASING = YES;
				CLANG_WARN_BOOL_CONVERSION = YES;
				CLANG_WARN_COMMA = YES;
				CLANG_WARN_CONSTANT_CONVERSION = YES;
				CLANG_WARN_DEPRECATED_OBJC_IMPLEMENTATIONS = YES;
				CLANG_WARN_DIRECT_OBJC_ISA_USAGE = YES_ERROR;
				CLANG_WARN_DOCUMENTATION_COMMENTS = YES;
				CLANG_WARN_EMPTY_BODY = YES;
				CLANG_WARN_ENUM_CONVERSION = YES;
				CLANG_WARN_INFINITE_RECURSION = YES;
				CLANG_WARN_INT_CONVERSION = YES;
				CLANG_WARN_NON_LITERAL_NULL_CONVERSION = YES;
				CLANG_WARN_OBJC_IMPLICIT_RETAIN_SELF = YES;
				CLANG_WARN_OBJC_LITERAL_CONVERSION = YES;
				CLANG_WARN_OBJC_ROOT_CLASS = YES_ERROR;
				CLANG_WARN_RANGE_LOOP_ANALYSIS = YES;
				CLANG_WARN_STRICT_PROTOTYPES = YES;
				CLANG_WARN_SUSPICIOUS_MOVE = YES;
				CLANG_WARN_UNGUARDED_AVAILABILITY = YES_AGGRESSIVE;
				CLANG_WARN_UNREACHABLE_CODE = YES;
				CLANG_WARN__DUPLICATE_METHOD_MATCH = YES;
				COPY_PHASE_STRIP = NO;
				DEBUG_INFORMATION_FORMAT = dwarf;
				ENABLE_STRICT_OBJC_MSGSEND = YES;
				ENABLE_TESTABILITY = YES;
				GCC_C_LANGUAGE_STANDARD = gnu11;
				GCC_DYNAMIC_NO_PIC = NO;
				GCC_NO_COMMON_BLOCKS = YES;
				GCC_OPTIMIZATION_LEVEL = 0;
				GCC_PREPROCESSOR_DEFINITIONS = (
					"DEBUG=1",
					"$(inherited)",
				);
				GCC_WARN_64_TO_32_BIT_CONVERSION = YES;
				GCC_WARN_ABOUT_RETURN_TYPE = YES_ERROR;
				GCC_WARN_UNDECLARED_SELECTOR = YES;
				GCC_WARN_UNINITIALIZED_AUTOS = YES_AGGRESSIVE;
				GCC_WARN_UNUSED_FUNCTION = YES;
				GCC_WARN_UNUSED_VARIABLE = YES;
				IPHONEOS_DEPLOYMENT_TARGET = 13.6;
				MTL_ENABLE_DEBUG_INFO = INCLUDE_SOURCE;
				MTL_FAST_MATH = YES;
				ONLY_ACTIVE_ARCH = YES;
				SDKROOT = iphoneos;
				SWIFT_ACTIVE_COMPILATION_CONDITIONS = DEBUG;
				SWIFT_OPTIMIZATION_LEVEL = "-Onone";
			};
			name = Debug;
		};
		02AEE1C625003CA500984C06 /* Release */ = {
			isa = XCBuildConfiguration;
			buildSettings = {
				ALWAYS_SEARCH_USER_PATHS = NO;
				CLANG_ANALYZER_NONNULL = YES;
				CLANG_ANALYZER_NUMBER_OBJECT_CONVERSION = YES_AGGRESSIVE;
				CLANG_CXX_LANGUAGE_STANDARD = "gnu++14";
				CLANG_CXX_LIBRARY = "libc++";
				CLANG_ENABLE_MODULES = YES;
				CLANG_ENABLE_OBJC_ARC = YES;
				CLANG_ENABLE_OBJC_WEAK = YES;
				CLANG_WARN_BLOCK_CAPTURE_AUTORELEASING = YES;
				CLANG_WARN_BOOL_CONVERSION = YES;
				CLANG_WARN_COMMA = YES;
				CLANG_WARN_CONSTANT_CONVERSION = YES;
				CLANG_WARN_DEPRECATED_OBJC_IMPLEMENTATIONS = YES;
				CLANG_WARN_DIRECT_OBJC_ISA_USAGE = YES_ERROR;
				CLANG_WARN_DOCUMENTATION_COMMENTS = YES;
				CLANG_WARN_EMPTY_BODY = YES;
				CLANG_WARN_ENUM_CONVERSION = YES;
				CLANG_WARN_INFINITE_RECURSION = YES;
				CLANG_WARN_INT_CONVERSION = YES;
				CLANG_WARN_NON_LITERAL_NULL_CONVERSION = YES;
				CLANG_WARN_OBJC_IMPLICIT_RETAIN_SELF = YES;
				CLANG_WARN_OBJC_LITERAL_CONVERSION = YES;
				CLANG_WARN_OBJC_ROOT_CLASS = YES_ERROR;
				CLANG_WARN_RANGE_LOOP_ANALYSIS = YES;
				CLANG_WARN_STRICT_PROTOTYPES = YES;
				CLANG_WARN_SUSPICIOUS_MOVE = YES;
				CLANG_WARN_UNGUARDED_AVAILABILITY = YES_AGGRESSIVE;
				CLANG_WARN_UNREACHABLE_CODE = YES;
				CLANG_WARN__DUPLICATE_METHOD_MATCH = YES;
				COPY_PHASE_STRIP = NO;
				DEBUG_INFORMATION_FORMAT = "dwarf-with-dsym";
				ENABLE_NS_ASSERTIONS = NO;
				ENABLE_STRICT_OBJC_MSGSEND = YES;
				GCC_C_LANGUAGE_STANDARD = gnu11;
				GCC_NO_COMMON_BLOCKS = YES;
				GCC_WARN_64_TO_32_BIT_CONVERSION = YES;
				GCC_WARN_ABOUT_RETURN_TYPE = YES_ERROR;
				GCC_WARN_UNDECLARED_SELECTOR = YES;
				GCC_WARN_UNINITIALIZED_AUTOS = YES_AGGRESSIVE;
				GCC_WARN_UNUSED_FUNCTION = YES;
				GCC_WARN_UNUSED_VARIABLE = YES;
				IPHONEOS_DEPLOYMENT_TARGET = 13.6;
				MTL_ENABLE_DEBUG_INFO = NO;
				MTL_FAST_MATH = YES;
				SDKROOT = iphoneos;
				SWIFT_COMPILATION_MODE = wholemodule;
				SWIFT_OPTIMIZATION_LEVEL = "-O";
				VALIDATE_PRODUCT = YES;
			};
			name = Release;
		};
		02AEE1C825003CA500984C06 /* Debug */ = {
			isa = XCBuildConfiguration;
			buildSettings = {
				ASSETCATALOG_COMPILER_APPICON_NAME = AppIcon;
				CODE_SIGN_STYLE = Automatic;
				DEVELOPMENT_ASSET_PATHS = "\"CovidLens/Preview Content\"";
				DEVELOPMENT_TEAM = 3ATGG4WZKD;
				ENABLE_PREVIEWS = YES;
				INFOPLIST_FILE = CovidLens/Info.plist;
				LD_RUNPATH_SEARCH_PATHS = (
					"$(inherited)",
					"@executable_path/Frameworks",
				);
				PRODUCT_BUNDLE_IDENTIFIER = com.capstone.CovidLens;
				PRODUCT_NAME = "$(TARGET_NAME)";
				SWIFT_VERSION = 5.0;
				TARGETED_DEVICE_FAMILY = "1,2";
			};
			name = Debug;
		};
		02AEE1C925003CA500984C06 /* Release */ = {
			isa = XCBuildConfiguration;
			buildSettings = {
				ASSETCATALOG_COMPILER_APPICON_NAME = AppIcon;
				CODE_SIGN_STYLE = Automatic;
				DEVELOPMENT_ASSET_PATHS = "\"CovidLens/Preview Content\"";
				DEVELOPMENT_TEAM = 3ATGG4WZKD;
				ENABLE_PREVIEWS = YES;
				INFOPLIST_FILE = CovidLens/Info.plist;
				LD_RUNPATH_SEARCH_PATHS = (
					"$(inherited)",
					"@executable_path/Frameworks",
				);
				PRODUCT_BUNDLE_IDENTIFIER = com.capstone.CovidLens;
				PRODUCT_NAME = "$(TARGET_NAME)";
				SWIFT_VERSION = 5.0;
				TARGETED_DEVICE_FAMILY = "1,2";
			};
			name = Release;
		};
		02AEE1CB25003CA500984C06 /* Debug */ = {
			isa = XCBuildConfiguration;
			buildSettings = {
				ALWAYS_EMBED_SWIFT_STANDARD_LIBRARIES = YES;
				BUNDLE_LOADER = "$(TEST_HOST)";
				CODE_SIGN_STYLE = Automatic;
				DEVELOPMENT_TEAM = 3ATGG4WZKD;
				INFOPLIST_FILE = CovidLensTests/Info.plist;
				IPHONEOS_DEPLOYMENT_TARGET = 13.6;
				LD_RUNPATH_SEARCH_PATHS = (
					"$(inherited)",
					"@executable_path/Frameworks",
					"@loader_path/Frameworks",
				);
				PRODUCT_BUNDLE_IDENTIFIER = com.capstone.CovidLensTests;
				PRODUCT_NAME = "$(TARGET_NAME)";
				SWIFT_VERSION = 5.0;
				TARGETED_DEVICE_FAMILY = "1,2";
				TEST_HOST = "$(BUILT_PRODUCTS_DIR)/CovidLens.app/CovidLens";
			};
			name = Debug;
		};
		02AEE1CC25003CA500984C06 /* Release */ = {
			isa = XCBuildConfiguration;
			buildSettings = {
				ALWAYS_EMBED_SWIFT_STANDARD_LIBRARIES = YES;
				BUNDLE_LOADER = "$(TEST_HOST)";
				CODE_SIGN_STYLE = Automatic;
				DEVELOPMENT_TEAM = 3ATGG4WZKD;
				INFOPLIST_FILE = CovidLensTests/Info.plist;
				IPHONEOS_DEPLOYMENT_TARGET = 13.6;
				LD_RUNPATH_SEARCH_PATHS = (
					"$(inherited)",
					"@executable_path/Frameworks",
					"@loader_path/Frameworks",
				);
				PRODUCT_BUNDLE_IDENTIFIER = com.capstone.CovidLensTests;
				PRODUCT_NAME = "$(TARGET_NAME)";
				SWIFT_VERSION = 5.0;
				TARGETED_DEVICE_FAMILY = "1,2";
				TEST_HOST = "$(BUILT_PRODUCTS_DIR)/CovidLens.app/CovidLens";
			};
			name = Release;
		};
/* End XCBuildConfiguration section */

/* Begin XCConfigurationList section */
		02AEE1A325003CA000984C06 /* Build configuration list for PBXProject "CovidLens" */ = {
			isa = XCConfigurationList;
			buildConfigurations = (
				02AEE1C525003CA500984C06 /* Debug */,
				02AEE1C625003CA500984C06 /* Release */,
			);
			defaultConfigurationIsVisible = 0;
			defaultConfigurationName = Release;
		};
		02AEE1C725003CA500984C06 /* Build configuration list for PBXNativeTarget "CovidLens" */ = {
			isa = XCConfigurationList;
			buildConfigurations = (
				02AEE1C825003CA500984C06 /* Debug */,
				02AEE1C925003CA500984C06 /* Release */,
			);
			defaultConfigurationIsVisible = 0;
			defaultConfigurationName = Release;
		};
		02AEE1CA25003CA500984C06 /* Build configuration list for PBXNativeTarget "CovidLensTests" */ = {
			isa = XCConfigurationList;
			buildConfigurations = (
				02AEE1CB25003CA500984C06 /* Debug */,
				02AEE1CC25003CA500984C06 /* Release */,
			);
			defaultConfigurationIsVisible = 0;
			defaultConfigurationName = Release;
		};
/* End XCConfigurationList section */
	};
	rootObject = 02AEE1A025003CA000984C06 /* Project object */;
}
