// !$*UTF8*$!
{
	archiveVersion = 1;
	classes = {
	};
	objectVersion = 50;
	objects = {

/* Begin PBXBuildFile section */
		026BD47D24FF230900C985C9 /* AppDelegate.swift in Sources */ = {isa = PBXBuildFile; fileRef = 026BD47C24FF230900C985C9 /* AppDelegate.swift */; };
		026BD47F24FF230900C985C9 /* SceneDelegate.swift in Sources */ = {isa = PBXBuildFile; fileRef = 026BD47E24FF230900C985C9 /* SceneDelegate.swift */; };
		026BD48124FF230900C985C9 /* ContentView.swift in Sources */ = {isa = PBXBuildFile; fileRef = 026BD48024FF230900C985C9 /* ContentView.swift */; };
		026BD48324FF230D00C985C9 /* Assets.xcassets in Resources */ = {isa = PBXBuildFile; fileRef = 026BD48224FF230D00C985C9 /* Assets.xcassets */; };
		026BD48624FF230D00C985C9 /* Preview Assets.xcassets in Resources */ = {isa = PBXBuildFile; fileRef = 026BD48524FF230D00C985C9 /* Preview Assets.xcassets */; };
		026BD48924FF230D00C985C9 /* LaunchScreen.storyboard in Resources */ = {isa = PBXBuildFile; fileRef = 026BD48724FF230D00C985C9 /* LaunchScreen.storyboard */; };
		026BD49424FF230D00C985C9 /* CovidLenseTests.swift in Sources */ = {isa = PBXBuildFile; fileRef = 026BD49324FF230D00C985C9 /* CovidLenseTests.swift */; };
/* End PBXBuildFile section */

/* Begin PBXContainerItemProxy section */
		026BD49024FF230D00C985C9 /* PBXContainerItemProxy */ = {
			isa = PBXContainerItemProxy;
			containerPortal = 026BD47124FF230900C985C9 /* Project object */;
			proxyType = 1;
			remoteGlobalIDString = 026BD47824FF230900C985C9;
			remoteInfo = CovidLense;
		};
/* End PBXContainerItemProxy section */

/* Begin PBXFileReference section */
		026BD47924FF230900C985C9 /* CovidLense.app */ = {isa = PBXFileReference; explicitFileType = wrapper.application; includeInIndex = 0; path = CovidLense.app; sourceTree = BUILT_PRODUCTS_DIR; };
		026BD47C24FF230900C985C9 /* AppDelegate.swift */ = {isa = PBXFileReference; lastKnownFileType = sourcecode.swift; path = AppDelegate.swift; sourceTree = "<group>"; };
		026BD47E24FF230900C985C9 /* SceneDelegate.swift */ = {isa = PBXFileReference; lastKnownFileType = sourcecode.swift; path = SceneDelegate.swift; sourceTree = "<group>"; };
		026BD48024FF230900C985C9 /* ContentView.swift */ = {isa = PBXFileReference; lastKnownFileType = sourcecode.swift; path = ContentView.swift; sourceTree = "<group>"; };
		026BD48224FF230D00C985C9 /* Assets.xcassets */ = {isa = PBXFileReference; lastKnownFileType = folder.assetcatalog; path = Assets.xcassets; sourceTree = "<group>"; };
		026BD48524FF230D00C985C9 /* Preview Assets.xcassets */ = {isa = PBXFileReference; lastKnownFileType = folder.assetcatalog; path = "Preview Assets.xcassets"; sourceTree = "<group>"; };
		026BD48824FF230D00C985C9 /* Base */ = {isa = PBXFileReference; lastKnownFileType = file.storyboard; name = Base; path = Base.lproj/LaunchScreen.storyboard; sourceTree = "<group>"; };
		026BD48A24FF230D00C985C9 /* Info.plist */ = {isa = PBXFileReference; lastKnownFileType = text.plist.xml; path = Info.plist; sourceTree = "<group>"; };
		026BD48F24FF230D00C985C9 /* CovidLenseTests.xctest */ = {isa = PBXFileReference; explicitFileType = wrapper.cfbundle; includeInIndex = 0; path = CovidLenseTests.xctest; sourceTree = BUILT_PRODUCTS_DIR; };
		026BD49324FF230D00C985C9 /* CovidLenseTests.swift */ = {isa = PBXFileReference; lastKnownFileType = sourcecode.swift; path = CovidLenseTests.swift; sourceTree = "<group>"; };
		026BD49524FF230D00C985C9 /* Info.plist */ = {isa = PBXFileReference; lastKnownFileType = text.plist.xml; path = Info.plist; sourceTree = "<group>"; };
/* End PBXFileReference section */

/* Begin PBXFrameworksBuildPhase section */
		026BD47624FF230900C985C9 /* Frameworks */ = {
			isa = PBXFrameworksBuildPhase;
			buildActionMask = 2147483647;
			files = (
			);
			runOnlyForDeploymentPostprocessing = 0;
		};
		026BD48C24FF230D00C985C9 /* Frameworks */ = {
			isa = PBXFrameworksBuildPhase;
			buildActionMask = 2147483647;
			files = (
			);
			runOnlyForDeploymentPostprocessing = 0;
		};
/* End PBXFrameworksBuildPhase section */

/* Begin PBXGroup section */
		026BD47024FF230900C985C9 = {
			isa = PBXGroup;
			children = (
				026BD47B24FF230900C985C9 /* CovidLense */,
				026BD49224FF230D00C985C9 /* CovidLenseTests */,
				026BD47A24FF230900C985C9 /* Products */,
			);
			sourceTree = "<group>";
		};
		026BD47A24FF230900C985C9 /* Products */ = {
			isa = PBXGroup;
			children = (
				026BD47924FF230900C985C9 /* CovidLense.app */,
				026BD48F24FF230D00C985C9 /* CovidLenseTests.xctest */,
			);
			name = Products;
			sourceTree = "<group>";
		};
		026BD47B24FF230900C985C9 /* CovidLense */ = {
			isa = PBXGroup;
			children = (
				026BD47C24FF230900C985C9 /* AppDelegate.swift */,
				026BD47E24FF230900C985C9 /* SceneDelegate.swift */,
				026BD48024FF230900C985C9 /* ContentView.swift */,
				026BD48224FF230D00C985C9 /* Assets.xcassets */,
				026BD48724FF230D00C985C9 /* LaunchScreen.storyboard */,
				026BD48A24FF230D00C985C9 /* Info.plist */,
				026BD48424FF230D00C985C9 /* Preview Content */,
			);
			path = CovidLense;
			sourceTree = "<group>";
		};
		026BD48424FF230D00C985C9 /* Preview Content */ = {
			isa = PBXGroup;
			children = (
				026BD48524FF230D00C985C9 /* Preview Assets.xcassets */,
			);
			path = "Preview Content";
			sourceTree = "<group>";
		};
		026BD49224FF230D00C985C9 /* CovidLenseTests */ = {
			isa = PBXGroup;
			children = (
				026BD49324FF230D00C985C9 /* CovidLenseTests.swift */,
				026BD49524FF230D00C985C9 /* Info.plist */,
			);
			path = CovidLenseTests;
			sourceTree = "<group>";
		};
/* End PBXGroup section */

/* Begin PBXNativeTarget section */
		026BD47824FF230900C985C9 /* CovidLense */ = {
			isa = PBXNativeTarget;
			buildConfigurationList = 026BD49824FF230D00C985C9 /* Build configuration list for PBXNativeTarget "CovidLense" */;
			buildPhases = (
				026BD47524FF230900C985C9 /* Sources */,
				026BD47624FF230900C985C9 /* Frameworks */,
				026BD47724FF230900C985C9 /* Resources */,
			);
			buildRules = (
			);
			dependencies = (
			);
			name = CovidLense;
			productName = CovidLense;
			productReference = 026BD47924FF230900C985C9 /* CovidLense.app */;
			productType = "com.apple.product-type.application";
		};
		026BD48E24FF230D00C985C9 /* CovidLenseTests */ = {
			isa = PBXNativeTarget;
			buildConfigurationList = 026BD49B24FF230D00C985C9 /* Build configuration list for PBXNativeTarget "CovidLenseTests" */;
			buildPhases = (
				026BD48B24FF230D00C985C9 /* Sources */,
				026BD48C24FF230D00C985C9 /* Frameworks */,
				026BD48D24FF230D00C985C9 /* Resources */,
			);
			buildRules = (
			);
			dependencies = (
				026BD49124FF230D00C985C9 /* PBXTargetDependency */,
			);
			name = CovidLenseTests;
			productName = CovidLenseTests;
			productReference = 026BD48F24FF230D00C985C9 /* CovidLenseTests.xctest */;
			productType = "com.apple.product-type.bundle.unit-test";
		};
/* End PBXNativeTarget section */

/* Begin PBXProject section */
		026BD47124FF230900C985C9 /* Project object */ = {
			isa = PBXProject;
			attributes = {
				LastSwiftUpdateCheck = 1160;
				LastUpgradeCheck = 1160;
				ORGANIZATIONNAME = COVIDLense;
				TargetAttributes = {
					026BD47824FF230900C985C9 = {
						CreatedOnToolsVersion = 11.6;
					};
					026BD48E24FF230D00C985C9 = {
						CreatedOnToolsVersion = 11.6;
						TestTargetID = 026BD47824FF230900C985C9;
					};
				};
			};
			buildConfigurationList = 026BD47424FF230900C985C9 /* Build configuration list for PBXProject "CovidLense" */;
			compatibilityVersion = "Xcode 9.3";
			developmentRegion = en;
			hasScannedForEncodings = 0;
			knownRegions = (
				en,
				Base,
			);
			mainGroup = 026BD47024FF230900C985C9;
			productRefGroup = 026BD47A24FF230900C985C9 /* Products */;
			projectDirPath = "";
			projectRoot = "";
			targets = (
				026BD47824FF230900C985C9 /* CovidLense */,
				026BD48E24FF230D00C985C9 /* CovidLenseTests */,
			);
		};
/* End PBXProject section */

/* Begin PBXResourcesBuildPhase section */
		026BD47724FF230900C985C9 /* Resources */ = {
			isa = PBXResourcesBuildPhase;
			buildActionMask = 2147483647;
			files = (
				026BD48924FF230D00C985C9 /* LaunchScreen.storyboard in Resources */,
				026BD48624FF230D00C985C9 /* Preview Assets.xcassets in Resources */,
				026BD48324FF230D00C985C9 /* Assets.xcassets in Resources */,
			);
			runOnlyForDeploymentPostprocessing = 0;
		};
		026BD48D24FF230D00C985C9 /* Resources */ = {
			isa = PBXResourcesBuildPhase;
			buildActionMask = 2147483647;
			files = (
			);
			runOnlyForDeploymentPostprocessing = 0;
		};
/* End PBXResourcesBuildPhase section */

/* Begin PBXSourcesBuildPhase section */
		026BD47524FF230900C985C9 /* Sources */ = {
			isa = PBXSourcesBuildPhase;
			buildActionMask = 2147483647;
			files = (
				026BD47D24FF230900C985C9 /* AppDelegate.swift in Sources */,
				026BD47F24FF230900C985C9 /* SceneDelegate.swift in Sources */,
				026BD48124FF230900C985C9 /* ContentView.swift in Sources */,
			);
			runOnlyForDeploymentPostprocessing = 0;
		};
		026BD48B24FF230D00C985C9 /* Sources */ = {
			isa = PBXSourcesBuildPhase;
			buildActionMask = 2147483647;
			files = (
				026BD49424FF230D00C985C9 /* CovidLenseTests.swift in Sources */,
			);
			runOnlyForDeploymentPostprocessing = 0;
		};
/* End PBXSourcesBuildPhase section */

/* Begin PBXTargetDependency section */
		026BD49124FF230D00C985C9 /* PBXTargetDependency */ = {
			isa = PBXTargetDependency;
			target = 026BD47824FF230900C985C9 /* CovidLense */;
			targetProxy = 026BD49024FF230D00C985C9 /* PBXContainerItemProxy */;
		};
/* End PBXTargetDependency section */

/* Begin PBXVariantGroup section */
		026BD48724FF230D00C985C9 /* LaunchScreen.storyboard */ = {
			isa = PBXVariantGroup;
			children = (
				026BD48824FF230D00C985C9 /* Base */,
			);
			name = LaunchScreen.storyboard;
			sourceTree = "<group>";
		};
/* End PBXVariantGroup section */

/* Begin XCBuildConfiguration section */
		026BD49624FF230D00C985C9 /* Debug */ = {
			isa = XCBuildConfiguration;
			buildSettings = {
				ALWAYS_SEARCH_USER_PATHS = NO;
				CLANG_ANALYZER_NONNULL = YES;
				CLANG_ANALYZER_NUMBER_OBJECT_CONVERSION = YES_AGGRESSIVE;
				CLANG_CXX_LANGUAGE_STANDARD = "gnu++14";
				CLANG_CXX_LIBRARY = "libc++";
				CLANG_ENABLE_MODULES = YES;
				CLANG_ENABLE_OBJC_ARC = YES;
				CLANG_ENABLE_OBJC_WEAK = YES;
				CLANG_WARN_BLOCK_CAPTURE_AUTORELEASING = YES;
				CLANG_WARN_BOOL_CONVERSION = YES;
				CLANG_WARN_COMMA = YES;
				CLANG_WARN_CONSTANT_CONVERSION = YES;
				CLANG_WARN_DEPRECATED_OBJC_IMPLEMENTATIONS = YES;
				CLANG_WARN_DIRECT_OBJC_ISA_USAGE = YES_ERROR;
				CLANG_WARN_DOCUMENTATION_COMMENTS = YES;
				CLANG_WARN_EMPTY_BODY = YES;
				CLANG_WARN_ENUM_CONVERSION = YES;
				CLANG_WARN_INFINITE_RECURSION = YES;
				CLANG_WARN_INT_CONVERSION = YES;
				CLANG_WARN_NON_LITERAL_NULL_CONVERSION = YES;
				CLANG_WARN_OBJC_IMPLICIT_RETAIN_SELF = YES;
				CLANG_WARN_OBJC_LITERAL_CONVERSION = YES;
				CLANG_WARN_OBJC_ROOT_CLASS = YES_ERROR;
				CLANG_WARN_RANGE_LOOP_ANALYSIS = YES;
				CLANG_WARN_STRICT_PROTOTYPES = YES;
				CLANG_WARN_SUSPICIOUS_MOVE = YES;
				CLANG_WARN_UNGUARDED_AVAILABILITY = YES_AGGRESSIVE;
				CLANG_WARN_UNREACHABLE_CODE = YES;
				CLANG_WARN__DUPLICATE_METHOD_MATCH = YES;
				COPY_PHASE_STRIP = NO;
				DEBUG_INFORMATION_FORMAT = dwarf;
				ENABLE_STRICT_OBJC_MSGSEND = YES;
				ENABLE_TESTABILITY = YES;
				GCC_C_LANGUAGE_STANDARD = gnu11;
				GCC_DYNAMIC_NO_PIC = NO;
				GCC_NO_COMMON_BLOCKS = YES;
				GCC_OPTIMIZATION_LEVEL = 0;
				GCC_PREPROCESSOR_DEFINITIONS = (
					"DEBUG=1",
					"$(inherited)",
				);
				GCC_WARN_64_TO_32_BIT_CONVERSION = YES;
				GCC_WARN_ABOUT_RETURN_TYPE = YES_ERROR;
				GCC_WARN_UNDECLARED_SELECTOR = YES;
				GCC_WARN_UNINITIALIZED_AUTOS = YES_AGGRESSIVE;
				GCC_WARN_UNUSED_FUNCTION = YES;
				GCC_WARN_UNUSED_VARIABLE = YES;
				IPHONEOS_DEPLOYMENT_TARGET = 13.6;
				MTL_ENABLE_DEBUG_INFO = INCLUDE_SOURCE;
				MTL_FAST_MATH = YES;
				ONLY_ACTIVE_ARCH = YES;
				SDKROOT = iphoneos;
				SWIFT_ACTIVE_COMPILATION_CONDITIONS = DEBUG;
				SWIFT_OPTIMIZATION_LEVEL = "-Onone";
			};
			name = Debug;
		};
		026BD49724FF230D00C985C9 /* Release */ = {
			isa = XCBuildConfiguration;
			buildSettings = {
				ALWAYS_SEARCH_USER_PATHS = NO;
				CLANG_ANALYZER_NONNULL = YES;
				CLANG_ANALYZER_NUMBER_OBJECT_CONVERSION = YES_AGGRESSIVE;
				CLANG_CXX_LANGUAGE_STANDARD = "gnu++14";
				CLANG_CXX_LIBRARY = "libc++";
				CLANG_ENABLE_MODULES = YES;
				CLANG_ENABLE_OBJC_ARC = YES;
				CLANG_ENABLE_OBJC_WEAK = YES;
				CLANG_WARN_BLOCK_CAPTURE_AUTORELEASING = YES;
				CLANG_WARN_BOOL_CONVERSION = YES;
				CLANG_WARN_COMMA = YES;
				CLANG_WARN_CONSTANT_CONVERSION = YES;
				CLANG_WARN_DEPRECATED_OBJC_IMPLEMENTATIONS = YES;
				CLANG_WARN_DIRECT_OBJC_ISA_USAGE = YES_ERROR;
				CLANG_WARN_DOCUMENTATION_COMMENTS = YES;
				CLANG_WARN_EMPTY_BODY = YES;
				CLANG_WARN_ENUM_CONVERSION = YES;
				CLANG_WARN_INFINITE_RECURSION = YES;
				CLANG_WARN_INT_CONVERSION = YES;
				CLANG_WARN_NON_LITERAL_NULL_CONVERSION = YES;
				CLANG_WARN_OBJC_IMPLICIT_RETAIN_SELF = YES;
				CLANG_WARN_OBJC_LITERAL_CONVERSION = YES;
				CLANG_WARN_OBJC_ROOT_CLASS = YES_ERROR;
				CLANG_WARN_RANGE_LOOP_ANALYSIS = YES;
				CLANG_WARN_STRICT_PROTOTYPES = YES;
				CLANG_WARN_SUSPICIOUS_MOVE = YES;
				CLANG_WARN_UNGUARDED_AVAILABILITY = YES_AGGRESSIVE;
				CLANG_WARN_UNREACHABLE_CODE = YES;
				CLANG_WARN__DUPLICATE_METHOD_MATCH = YES;
				COPY_PHASE_STRIP = NO;
				DEBUG_INFORMATION_FORMAT = "dwarf-with-dsym";
				ENABLE_NS_ASSERTIONS = NO;
				ENABLE_STRICT_OBJC_MSGSEND = YES;
				GCC_C_LANGUAGE_STANDARD = gnu11;
				GCC_NO_COMMON_BLOCKS = YES;
				GCC_WARN_64_TO_32_BIT_CONVERSION = YES;
				GCC_WARN_ABOUT_RETURN_TYPE = YES_ERROR;
				GCC_WARN_UNDECLARED_SELECTOR = YES;
				GCC_WARN_UNINITIALIZED_AUTOS = YES_AGGRESSIVE;
				GCC_WARN_UNUSED_FUNCTION = YES;
				GCC_WARN_UNUSED_VARIABLE = YES;
				IPHONEOS_DEPLOYMENT_TARGET = 13.6;
				MTL_ENABLE_DEBUG_INFO = NO;
				MTL_FAST_MATH = YES;
				SDKROOT = iphoneos;
				SWIFT_COMPILATION_MODE = wholemodule;
				SWIFT_OPTIMIZATION_LEVEL = "-O";
				VALIDATE_PRODUCT = YES;
			};
			name = Release;
		};
		026BD49924FF230D00C985C9 /* Debug */ = {
			isa = XCBuildConfiguration;
			buildSettings = {
				ASSETCATALOG_COMPILER_APPICON_NAME = AppIcon;
				CODE_SIGN_STYLE = Automatic;
				DEVELOPMENT_ASSET_PATHS = "\"CovidLense/Preview Content\"";
				DEVELOPMENT_TEAM = 3ATGG4WZKD;
				ENABLE_PREVIEWS = YES;
				INFOPLIST_FILE = CovidLense/Info.plist;
				LD_RUNPATH_SEARCH_PATHS = (
					"$(inherited)",
					"@executable_path/Frameworks",
				);
				PRODUCT_BUNDLE_IDENTIFIER = com.capstone.CovidLense;
				PRODUCT_NAME = "$(TARGET_NAME)";
				SWIFT_VERSION = 5.0;
				TARGETED_DEVICE_FAMILY = "1,2";
			};
			name = Debug;
		};
		026BD49A24FF230D00C985C9 /* Release */ = {
			isa = XCBuildConfiguration;
			buildSettings = {
				ASSETCATALOG_COMPILER_APPICON_NAME = AppIcon;
				CODE_SIGN_STYLE = Automatic;
				DEVELOPMENT_ASSET_PATHS = "\"CovidLense/Preview Content\"";
				DEVELOPMENT_TEAM = 3ATGG4WZKD;
				ENABLE_PREVIEWS = YES;
				INFOPLIST_FILE = CovidLense/Info.plist;
				LD_RUNPATH_SEARCH_PATHS = (
					"$(inherited)",
					"@executable_path/Frameworks",
				);
				PRODUCT_BUNDLE_IDENTIFIER = com.capstone.CovidLense;
				PRODUCT_NAME = "$(TARGET_NAME)";
				SWIFT_VERSION = 5.0;
				TARGETED_DEVICE_FAMILY = "1,2";
			};
			name = Release;
		};
		026BD49C24FF230D00C985C9 /* Debug */ = {
			isa = XCBuildConfiguration;
			buildSettings = {
				ALWAYS_EMBED_SWIFT_STANDARD_LIBRARIES = YES;
				BUNDLE_LOADER = "$(TEST_HOST)";
				CODE_SIGN_STYLE = Automatic;
				DEVELOPMENT_TEAM = 3ATGG4WZKD;
				INFOPLIST_FILE = CovidLenseTests/Info.plist;
				IPHONEOS_DEPLOYMENT_TARGET = 13.6;
				LD_RUNPATH_SEARCH_PATHS = (
					"$(inherited)",
					"@executable_path/Frameworks",
					"@loader_path/Frameworks",
				);
				PRODUCT_BUNDLE_IDENTIFIER = com.capstone.CovidLenseTests;
				PRODUCT_NAME = "$(TARGET_NAME)";
				SWIFT_VERSION = 5.0;
				TARGETED_DEVICE_FAMILY = "1,2";
				TEST_HOST = "$(BUILT_PRODUCTS_DIR)/CovidLense.app/CovidLense";
			};
			name = Debug;
		};
		026BD49D24FF230D00C985C9 /* Release */ = {
			isa = XCBuildConfiguration;
			buildSettings = {
				ALWAYS_EMBED_SWIFT_STANDARD_LIBRARIES = YES;
				BUNDLE_LOADER = "$(TEST_HOST)";
				CODE_SIGN_STYLE = Automatic;
				DEVELOPMENT_TEAM = 3ATGG4WZKD;
				INFOPLIST_FILE = CovidLenseTests/Info.plist;
				IPHONEOS_DEPLOYMENT_TARGET = 13.6;
				LD_RUNPATH_SEARCH_PATHS = (
					"$(inherited)",
					"@executable_path/Frameworks",
					"@loader_path/Frameworks",
				);
				PRODUCT_BUNDLE_IDENTIFIER = com.capstone.CovidLenseTests;
				PRODUCT_NAME = "$(TARGET_NAME)";
				SWIFT_VERSION = 5.0;
				TARGETED_DEVICE_FAMILY = "1,2";
				TEST_HOST = "$(BUILT_PRODUCTS_DIR)/CovidLense.app/CovidLense";
			};
			name = Release;
		};
/* End XCBuildConfiguration section */

/* Begin XCConfigurationList section */
		026BD47424FF230900C985C9 /* Build configuration list for PBXProject "CovidLense" */ = {
			isa = XCConfigurationList;
			buildConfigurations = (
				026BD49624FF230D00C985C9 /* Debug */,
				026BD49724FF230D00C985C9 /* Release */,
			);
			defaultConfigurationIsVisible = 0;
			defaultConfigurationName = Release;
		};
		026BD49824FF230D00C985C9 /* Build configuration list for PBXNativeTarget "CovidLense" */ = {
			isa = XCConfigurationList;
			buildConfigurations = (
				026BD49924FF230D00C985C9 /* Debug */,
				026BD49A24FF230D00C985C9 /* Release */,
			);
			defaultConfigurationIsVisible = 0;
			defaultConfigurationName = Release;
		};
		026BD49B24FF230D00C985C9 /* Build configuration list for PBXNativeTarget "CovidLenseTests" */ = {
			isa = XCConfigurationList;
			buildConfigurations = (
				026BD49C24FF230D00C985C9 /* Debug */,
				026BD49D24FF230D00C985C9 /* Release */,
			);
			defaultConfigurationIsVisible = 0;
			defaultConfigurationName = Release;
		};
/* End XCConfigurationList section */
	};
	rootObject = 026BD47124FF230900C985C9 /* Project object */;
}
